<?xml version="1.0" encoding="utf-8"?>
<Project ToolsVersion="4.0" xmlns="http://schemas.microsoft.com/developer/msbuild/2003">
  <ItemGroup>
    <Filter Include="include">
      <UniqueIdentifier>{93995380-89BD-4b04-88EB-625FBE52EBFB}</UniqueIdentifier>
      <Extensions>h;hh;hpp;hxx;h++;hm;inl;inc;ipp;xsd</Extensions>
    </Filter>
    <Filter Include="src">
      <UniqueIdentifier>{67DA6AB6-F800-4c08-8B7A-83BB121AAD01}</UniqueIdentifier>
      <Extensions>rc;ico;cur;bmp;dlg;rc2;rct;bin;rgs;gif;jpg;jpeg;jpe;resx;tiff;tif;png;wav;mfcribbon-ms</Extensions>
    </Filter>
    <Filter Include="main">
      <UniqueIdentifier>{4FC737F1-C7A5-4376-A066-2A32D752A2FF}</UniqueIdentifier>
      <Extensions>cpp;c;cc;cxx;c++;cppm;ixx;def;odl;idl;hpj;bat;asm;asmx</Extensions>
    </Filter>
    <Filter Include="external">
      <UniqueIdentifier>{a0b481af-3d0d-4ded-9dfd-b7dfe1adb38d}</UniqueIdentifier>
    </Filter>
    <Filter Include="external\SFML">
      <UniqueIdentifier>{ed78d5cc-e740-4572-a826-cc95e58c2bee}</UniqueIdentifier>
    </Filter>
    <Filter Include="external\imgui">
      <UniqueIdentifier>{8038b73e-0775-455e-8dd8-c555439e77d6}</UniqueIdentifier>
    </Filter>
    <Filter Include="Sound">
      <UniqueIdentifier>{bc465369-ee03-49cb-9b48-c05e5d0d402d}</UniqueIdentifier>
    </Filter>
  </ItemGroup>
  <ItemGroup>
    <ClCompile Include="My_game.cpp">
      <Filter>main</Filter>
    </ClCompile>
    <ClCompile Include="game.cpp">
      <Filter>src</Filter>
    </ClCompile>
    <ClCompile Include="physics.cpp">
      <Filter>src</Filter>
    </ClCompile>
    <ClCompile Include="physics.h">
      <Filter>include</Filter>
    </ClCompile>
    <ClCompile Include="classes.h">
      <Filter>include</Filter>
    </ClCompile>
    <ClCompile Include="entity.h">
      <Filter>include</Filter>
    </ClCompile>
    <ClCompile Include="entitymanager.h">
      <Filter>include</Filter>
    </ClCompile>
    <ClCompile Include="health.h">
      <Filter>include</Filter>
    </ClCompile>
    <ClCompile Include="vec2.h">
      <Filter>include</Filter>
    </ClCompile>
    <ClCompile Include="Home.cpp">
      <Filter>src</Filter>
    </ClCompile>
    <ClCompile Include="..\external\sfml\imgui-SFML.cpp">
      <Filter>external\SFML</Filter>
    </ClCompile>
    <ClCompile Include="..\external\sfml\Source.cpp">
      <Filter>external\SFML</Filter>
    </ClCompile>
    <ClCompile Include="..\external\imgui\imgui.cpp">
      <Filter>external\imgui</Filter>
    </ClCompile>
    <ClCompile Include="..\external\imgui\imgui_demo.cpp">
      <Filter>external\imgui</Filter>
    </ClCompile>
    <ClCompile Include="..\external\imgui\imgui_draw.cpp">
      <Filter>external\imgui</Filter>
    </ClCompile>
    <ClCompile Include="..\external\imgui\imgui_impl_dx12.cpp">
      <Filter>external\imgui</Filter>
    </ClCompile>
    <ClCompile Include="..\external\imgui\imgui_impl_win32.cpp">
      <Filter>external\imgui</Filter>
    </ClCompile>
    <ClCompile Include="..\external\imgui\imgui_tables.cpp">
      <Filter>external\imgui</Filter>
    </ClCompile>
    <ClCompile Include="..\external\imgui\imgui_widgets.cpp">
      <Filter>external\imgui</Filter>
    </ClCompile>
    <ClCompile Include="Sound.cpp">
      <Filter>src</Filter>
    </ClCompile>
  </ItemGroup>
  <ItemGroup>
    <Font Include="Wonderbar-pALD.ttf">
      <Filter>src</Filter>
    </Font>
  </ItemGroup>
  <ItemGroup>
    <ClInclude Include="..\external\sfml\imconfig-SFML.h">
      <Filter>external\SFML</Filter>
    </ClInclude>
    <ClInclude Include="..\external\sfml\imgui-SFML.h">
      <Filter>external\SFML</Filter>
    </ClInclude>
    <ClInclude Include="..\external\sfml\imgui-SFML_export.h">
      <Filter>external\SFML</Filter>
    </ClInclude>
    <ClInclude Include="..\external\imgui\imconfig.h">
      <Filter>external\imgui</Filter>
    </ClInclude>
    <ClInclude Include="..\external\imgui\imgui.h">
      <Filter>external\imgui</Filter>
    </ClInclude>
    <ClInclude Include="..\external\imgui\imgui_impl_dx12.h">
      <Filter>external\imgui</Filter>
    </ClInclude>
    <ClInclude Include="..\external\imgui\imgui_impl_win32.h">
      <Filter>external\imgui</Filter>
    </ClInclude>
    <ClInclude Include="..\external\imgui\imgui_internal.h">
      <Filter>external\imgui</Filter>
    </ClInclude>
    <ClInclude Include="..\external\imgui\imstb_rectpack.h">
      <Filter>external\imgui</Filter>
    </ClInclude>
    <ClInclude Include="..\external\imgui\imstb_textedit.h">
      <Filter>external\imgui</Filter>
    </ClInclude>
    <ClInclude Include="..\external\imgui\imstb_truetype.h">
      <Filter>external\imgui</Filter>
    </ClInclude>
    <ClInclude Include="Sound.h">
      <Filter>include</Filter>
    </ClInclude>
  </ItemGroup>
  <ItemGroup>
    <None Include="..\external\imgui\imgui.ini">
      <Filter>external\imgui</Filter>
    </None>
  </ItemGroup>
  <ItemGroup>
    <Media Include="explosion.wav">
      <Filter>Sound</Filter>
    </Media>
    <Media Include="hurt.wav">
      <Filter>Sound</Filter>
    </Media>
    <Media Include="power_up.wav">
      <Filter>Sound</Filter>
    </Media>
    <Media Include="tap.wav">
      <Filter>Sound</Filter>
    </Media>
  </ItemGroup>
</Project>